
Microsoft Visual Studio Solution File, Format Version 12.00
# Visual Studio Version 17
VisualStudioVersion = 17.8.34309.116
MinimumVisualStudioVersion = 10.0.40219.1
Project("{9A19103F-16F7-4668-BE54-9A1E7A4F7556}") = "WebServerTest", "WebServerTest\WebServerTest.csproj", "{8EC81794-B049-4C36-8760-357D8C285AA1}"
EndProject
Project("{9A19103F-16F7-4668-BE54-9A1E7A4F7556}") = "WebServerWpfSample", "WebServerWpfSample\WebServerWpfSample.csproj", "{09CD7B64-FF72-436B-82C7-D76DE2950B0B}"
EndProject
Project("{9A19103F-16F7-4668-BE54-9A1E7A4F7556}") = "Westwind.AspNetCore.HostedWebServer", "Westwind.AspNetCore.HostedWebServer\Westwind.AspNetCore.HostedWebServer.csproj", "{6A914526-9109-4568-9266-4B2920D0C813}"
EndProject
Global
	GlobalSection(SolutionConfigurationPlatforms) = preSolution
		Debug|Any CPU = Debug|Any CPU
		Release|Any CPU = Release|Any CPU
	EndGlobalSection
	GlobalSection(ProjectConfigurationPlatforms) = postSolution
		{8EC81794-B049-4C36-8760-357D8C285AA1}.Debug|Any CPU.ActiveCfg = Debug|Any CPU
		{8EC81794-B049-4C36-8760-357D8C285AA1}.Debug|Any CPU.Build.0 = Debug|Any CPU
		{8EC81794-B049-4C36-8760-357D8C285AA1}.Release|Any CPU.ActiveCfg = Release|Any CPU
		{8EC81794-B049-4C36-8760-357D8C285AA1}.Release|Any CPU.Build.0 = Release|Any CPU
		{09CD7B64-FF72-436B-82C7-D76DE2950B0B}.Debug|Any CPU.ActiveCfg = Debug|Any CPU
		{09CD7B64-FF72-436B-82C7-D76DE2950B0B}.Debug|Any CPU.Build.0 = Debug|Any CPU
		{09CD7B64-FF72-436B-82C7-D76DE2950B0B}.Release|Any CPU.ActiveCfg = Release|Any CPU
		{09CD7B64-FF72-436B-82C7-D76DE2950B0B}.Release|Any CPU.Build.0 = Release|Any CPU
		{6A914526-9109-4568-9266-4B2920D0C813}.Debug|Any CPU.ActiveCfg = Debug|Any CPU
		{6A914526-9109-4568-9266-4B2920D0C813}.Debug|Any CPU.Build.0 = Debug|Any CPU
		{6A914526-9109-4568-9266-4B2920D0C813}.Release|Any CPU.ActiveCfg = Release|Any CPU
		{6A914526-9109-4568-9266-4B2920D0C813}.Release|Any CPU.Build.0 = Release|Any CPU
	EndGlobalSection
	GlobalSection(SolutionProperties) = preSolution
		HideSolutionNode = FALSE
	EndGlobalSection
	GlobalSection(ExtensibilityGlobals) = postSolution
		SolutionGuid = {A2351527-7FAD-4CC6-829E-09699B9D937E}
	EndGlobalSection
EndGlobal
